// !$*UTF8*$!
{
	archiveVersion = 1;
	classes = {
	};
	objectVersion = 46;
	objects = {

/* Begin PBXBuildFile section */
		01B4E6941B4D17AE00232FDB /* AppDelegate.swift in Sources */ = {isa = PBXBuildFile; fileRef = 01B4E6931B4D17AE00232FDB /* AppDelegate.swift */; };
		01B4E6961B4D17AE00232FDB /* ViewController.swift in Sources */ = {isa = PBXBuildFile; fileRef = 01B4E6951B4D17AE00232FDB /* ViewController.swift */; };
		01B4E6991B4D17AE00232FDB /* Main.storyboard in Resources */ = {isa = PBXBuildFile; fileRef = 01B4E6971B4D17AE00232FDB /* Main.storyboard */; };
		01B4E69B1B4D17AE00232FDB /* Assets.xcassets in Resources */ = {isa = PBXBuildFile; fileRef = 01B4E69A1B4D17AE00232FDB /* Assets.xcassets */; };
		01B4E69E1B4D17AE00232FDB /* LaunchScreen.storyboard in Resources */ = {isa = PBXBuildFile; fileRef = 01B4E69C1B4D17AE00232FDB /* LaunchScreen.storyboard */; };
/* End PBXBuildFile section */

/* Begin PBXFileReference section */
		01B4E6901B4D17AE00232FDB /* NolaniOSExample.app */ = {isa = PBXFileReference; explicitFileType = wrapper.application; includeInIndex = 0; path = NolaniOSExample.app; sourceTree = BUILT_PRODUCTS_DIR; };
		01B4E6931B4D17AE00232FDB /* AppDelegate.swift */ = {isa = PBXFileReference; lastKnownFileType = sourcecode.swift; path = AppDelegate.swift; sourceTree = "<group>"; };
		01B4E6951B4D17AE00232FDB /* ViewController.swift */ = {isa = PBXFileReference; lastKnownFileType = sourcecode.swift; path = ViewController.swift; sourceTree = "<group>"; };
		01B4E6981B4D17AE00232FDB /* Base */ = {isa = PBXFileReference; lastKnownFileType = file.storyboard; name = Base; path = Base.lproj/Main.storyboard; sourceTree = "<group>"; };
		01B4E69A1B4D17AE00232FDB /* Assets.xcassets */ = {isa = PBXFileReference; lastKnownFileType = folder.assetcatalog; path = Assets.xcassets; sourceTree = "<group>"; };
		01B4E69D1B4D17AE00232FDB /* Base */ = {isa = PBXFileReference; lastKnownFileType = file.storyboard; name = Base; path = Base.lproj/LaunchScreen.storyboard; sourceTree = "<group>"; };
		01B4E69F1B4D17AE00232FDB /* Info.plist */ = {isa = PBXFileReference; lastKnownFileType = text.plist.xml; path = Info.plist; sourceTree = "<group>"; };
/* End PBXFileReference section */

/* Begin PBXFrameworksBuildPhase section */
		01B4E68D1B4D17AE00232FDB /* Frameworks */ = {
			isa = PBXFrameworksBuildPhase;
			buildActionMask = 2147483647;
			files = (
			);
			runOnlyForDeploymentPostprocessing = 0;
		};
/* End PBXFrameworksBuildPhase section */

/* Begin PBXGroup section */
		01B4E6871B4D17AE00232FDB = {
			isa = PBXGroup;
			children = (
				01B4E6921B4D17AE00232FDB /* NolaniOSExample */,
				01B4E6911B4D17AE00232FDB /* Products */,
			);
			sourceTree = "<group>";
		};
		01B4E6911B4D17AE00232FDB /* Products */ = {
			isa = PBXGroup;
			children = (
				01B4E6901B4D17AE00232FDB /* NolaniOSExample.app */,
			);
			name = Products;
			sourceTree = "<group>";
		};
		01B4E6921B4D17AE00232FDB /* NolaniOSExample */ = {
			isa = PBXGroup;
			children = (
				01B4E6931B4D17AE00232FDB /* AppDelegate.swift */,
				01B4E6951B4D17AE00232FDB /* ViewController.swift */,
				01B4E6971B4D17AE00232FDB /* Main.storyboard */,
				01B4E69A1B4D17AE00232FDB /* Assets.xcassets */,
				01B4E69C1B4D17AE00232FDB /* LaunchScreen.storyboard */,
				01B4E69F1B4D17AE00232FDB /* Info.plist */,
			);
			path = NolaniOSExample;
			sourceTree = "<group>";
		};
/* End PBXGroup section */

/* Begin PBXNativeTarget section */
		01B4E68F1B4D17AE00232FDB /* NolaniOSExample */ = {
			isa = PBXNativeTarget;
			buildConfigurationList = 01B4E6A21B4D17AE00232FDB /* Build configuration list for PBXNativeTarget "NolaniOSExample" */;
			buildPhases = (
				01B4E68C1B4D17AE00232FDB /* Sources */,
				01B4E68D1B4D17AE00232FDB /* Frameworks */,
				01B4E68E1B4D17AE00232FDB /* Resources */,
			);
			buildRules = (
			);
			dependencies = (
			);
			name = NolaniOSExample;
			productName = NolaniOSExample;
			productReference = 01B4E6901B4D17AE00232FDB /* NolaniOSExample.app */;
			productType = "com.apple.product-type.application";
		};
/* End PBXNativeTarget section */

/* Begin PBXProject section */
		01B4E6881B4D17AE00232FDB /* Project object */ = {
			isa = PBXProject;
			attributes = {
				LastUpgradeCheck = 0700;
				ORGANIZATIONNAME = "Mustafa Yusuf";
				TargetAttributes = {
					01B4E68F1B4D17AE00232FDB = {
						CreatedOnToolsVersion = 7.0;
					};
				};
			};
			buildConfigurationList = 01B4E68B1B4D17AE00232FDB /* Build configuration list for PBXProject "NolaniOSExample" */;
			compatibilityVersion = "Xcode 3.2";
			developmentRegion = English;
			hasScannedForEncodings = 0;
			knownRegions = (
				en,
				Base,
			);
			mainGroup = 01B4E6871B4D17AE00232FDB;
			productRefGroup = 01B4E6911B4D17AE00232FDB /* Products */;
			projectDirPath = "";
			projectRoot = "";
			targets = (
				01B4E68F1B4D17AE00232FDB /* NolaniOSExample */,
			);
		};
/* End PBXProject section */

/* Begin PBXResourcesBuildPhase section */
		01B4E68E1B4D17AE00232FDB /* Resources */ = {
			isa = PBXResourcesBuildPhase;
			buildActionMask = 2147483647;
			files = (
				01B4E69E1B4D17AE00232FDB /* LaunchScreen.storyboard in Resources */,
				01B4E69B1B4D17AE00232FDB /* Assets.xcassets in Resources */,
				01B4E6991B4D17AE00232FDB /* Main.storyboard in Resources */,
			);
			runOnlyForDeploymentPostprocessing = 0;
		};
/* End PBXResourcesBuildPhase section */

/* Begin PBXSourcesBuildPhase section */
		01B4E68C1B4D17AE00232FDB /* Sources */ = {
			isa = PBXSourcesBuildPhase;
			buildActionMask = 2147483647;
			files = (
				01B4E6961B4D17AE00232FDB /* ViewController.swift in Sources */,
				01B4E6941B4D17AE00232FDB /* AppDelegate.swift in Sources */,
			);
			runOnlyForDeploymentPostprocessing = 0;
		};
/* End PBXSourcesBuildPhase section */

/* Begin PBXVariantGroup section */
		01B4E6971B4D17AE00232FDB /* Main.storyboard */ = {
			isa = PBXVariantGroup;
			children = (
				01B4E6981B4D17AE00232FDB /* Base */,
			);
			name = Main.storyboard;
			sourceTree = "<group>";
		};
		01B4E69C1B4D17AE00232FDB /* LaunchScreen.storyboard */ = {
			isa = PBXVariantGroup;
			children = (
				01B4E69D1B4D17AE00232FDB /* Base */,
			);
			name = LaunchScreen.storyboard;
			sourceTree = "<group>";
		};
/* End PBXVariantGroup section */

/* Begin XCBuildConfiguration section */
		01B4E6A01B4D17AE00232FDB /* Debug */ = {
			isa = XCBuildConfiguration;
			buildSettings = {
				ALWAYS_SEARCH_USER_PATHS = NO;
				CLANG_CXX_LANGUAGE_STANDARD = "gnu++0x";
				CLANG_CXX_LIBRARY = "libc++";
				CLANG_ENABLE_MODULES = YES;
				CLANG_ENABLE_OBJC_ARC = YES;
				CLANG_WARN_BOOL_CONVERSION = YES;
				CLANG_WARN_CONSTANT_CONVERSION = YES;
				CLANG_WARN_DIRECT_OBJC_ISA_USAGE = YES_ERROR;
				CLANG_WARN_EMPTY_BODY = YES;
				CLANG_WARN_ENUM_CONVERSION = YES;
				CLANG_WARN_INT_CONVERSION = YES;
				CLANG_WARN_OBJC_ROOT_CLASS = YES_ERROR;
				CLANG_WARN_UNREACHABLE_CODE = YES;
				CLANG_WARN__DUPLICATE_METHOD_MATCH = YES;
				"CODE_SIGN_IDENTITY[sdk=iphoneos*]" = "iPhone Developer";
				COPY_PHASE_STRIP = NO;
				DEBUG_INFORMATION_FORMAT = dwarf;
				ENABLE_STRICT_OBJC_MSGSEND = YES;
				ENABLE_TESTABILITY = YES;
				GCC_C_LANGUAGE_STANDARD = gnu99;
				GCC_DYNAMIC_NO_PIC = NO;
				GCC_NO_COMMON_BLOCKS = YES;
				GCC_OPTIMIZATION_LEVEL = 0;
				GCC_PREPROCESSOR_DEFINITIONS = (
					"DEBUG=1",
					"$(inherited)",
				);
				GCC_WARN_64_TO_32_BIT_CONVERSION = YES;
				GCC_WARN_ABOUT_RETURN_TYPE = YES_ERROR;
				GCC_WARN_UNDECLARED_SELECTOR = YES;
				GCC_WARN_UNINITIALIZED_AUTOS = YES_AGGRESSIVE;
				GCC_WARN_UNUSED_FUNCTION = YES;
				GCC_WARN_UNUSED_VARIABLE = YES;
				IPHONEOS_DEPLOYMENT_TARGET = 9.0;
				MTL_ENABLE_DEBUG_INFO = YES;
				ONLY_ACTIVE_ARCH = YES;
				SDKROOT = iphoneos;
				SWIFT_OPTIMIZATION_LEVEL = "-Onone";
			};
			name = Debug;
		};
		01B4E6A11B4D17AE00232FDB /* Release */ = {
			isa = XCBuildConfiguration;
			buildSettings = {
				ALWAYS_SEARCH_USER_PATHS = NO;
				CLANG_CXX_LANGUAGE_STANDARD = "gnu++0x";
				CLANG_CXX_LIBRARY = "libc++";
				CLANG_ENABLE_MODULES = YES;
				CLANG_ENABLE_OBJC_ARC = YES;
				CLANG_WARN_BOOL_CONVERSION = YES;
				CLANG_WARN_CONSTANT_CONVERSION = YES;
				CLANG_WARN_DIRECT_OBJC_ISA_USAGE = YES_ERROR;
				CLANG_WARN_EMPTY_BODY = YES;
				CLANG_WARN_ENUM_CONVERSION = YES;
				CLANG_WARN_INT_CONVERSION = YES;
				CLANG_WARN_OBJC_ROOT_CLASS = YES_ERROR;
				CLANG_WARN_UNREACHABLE_CODE = YES;
				CLANG_WARN__DUPLICATE_METHOD_MATCH = YES;
				"CODE_SIGN_IDENTITY[sdk=iphoneos*]" = "iPhone Developer";
				COPY_PHASE_STRIP = NO;
				DEBUG_INFORMATION_FORMAT = "dwarf-with-dsym";
				ENABLE_NS_ASSERTIONS = NO;
				ENABLE_STRICT_OBJC_MSGSEND = YES;
				GCC_C_LANGUAGE_STANDARD = gnu99;
				GCC_NO_COMMON_BLOCKS = YES;
				GCC_WARN_64_TO_32_BIT_CONVERSION = YES;
				GCC_WARN_ABOUT_RETURN_TYPE = YES_ERROR;
				GCC_WARN_UNDECLARED_SELECTOR = YES;
				GCC_WARN_UNINITIALIZED_AUTOS = YES_AGGRESSIVE;
				GCC_WARN_UNUSED_FUNCTION = YES;
				GCC_WARN_UNUSED_VARIABLE = YES;
				IPHONEOS_DEPLOYMENT_TARGET = 9.0;
				MTL_ENABLE_DEBUG_INFO = NO;
				SDKROOT = iphoneos;
				VALIDATE_PRODUCT = YES;
			};
			name = Release;
		};
		01B4E6A31B4D17AE00232FDB /* Debug */ = {
			isa = XCBuildConfiguration;
			buildSettings = {
				ASSETCATALOG_COMPILER_APPICON_NAME = AppIcon;
				INFOPLIST_FILE = NolaniOSExample/Info.plist;
				LD_RUNPATH_SEARCH_PATHS = "$(inherited) @executable_path/Frameworks";
				PRODUCT_BUNDLE_IDENTIFIER = com.swiftkitchen.NolaniOSExample;
				PRODUCT_NAME = "$(TARGET_NAME)";
			};
			name = Debug;
		};
		01B4E6A41B4D17AE00232FDB /* Release */ = {
			isa = XCBuildConfiguration;
			buildSettings = {
				ASSETCATALOG_COMPILER_APPICON_NAME = AppIcon;
				INFOPLIST_FILE = NolaniOSExample/Info.plist;
				LD_RUNPATH_SEARCH_PATHS = "$(inherited) @executable_path/Frameworks";
				PRODUCT_BUNDLE_IDENTIFIER = com.swiftkitchen.NolaniOSExample;
				PRODUCT_NAME = "$(TARGET_NAME)";
			};
			name = Release;
		};
/* End XCBuildConfiguration section */

/* Begin XCConfigurationList section */
		01B4E68B1B4D17AE00232FDB /* Build configuration list for PBXProject "NolaniOSExample" */ = {
			isa = XCConfigurationList;
			buildConfigurations = (
				01B4E6A01B4D17AE00232FDB /* Debug */,
				01B4E6A11B4D17AE00232FDB /* Release */,
			);
			defaultConfigurationIsVisible = 0;
			defaultConfigurationName = Release;
		};
		01B4E6A21B4D17AE00232FDB /* Build configuration list for PBXNativeTarget "NolaniOSExample" */ = {
			isa = XCConfigurationList;
			buildConfigurations = (
				01B4E6A31B4D17AE00232FDB /* Debug */,
				01B4E6A41B4D17AE00232FDB /* Release */,
			);
			defaultConfigurationIsVisible = 0;
		};
/* End XCConfigurationList section */
	};
	rootObject = 01B4E6881B4D17AE00232FDB /* Project object */;
}
